Microsoft Visual Studio Solution File, Format Version 12.00
# Visual Studio Version 17
VisualStudioVersion = 17.5.2.0
MinimumVisualStudioVersion = 10.0.40219.1
Project("{FAE04EC0-301F-11D3-BF4B-00C04F79EFBC}") = "PracticePageTests", "PracticePageTests\PracticePageTests.csproj", "{B94C5B7A-2A68-74B6-4245-D435A6DCF0BF}"
EndProject
Global
	GlobalSection(SolutionConfigurationPlatforms) = preSolution
		Debug|Any CPU = Debug|Any CPU
		Release|Any CPU = Release|Any CPU
	EndGlobalSection
	GlobalSection(ProjectConfigurationPlatforms) = postSolution
		{B94C5B7A-2A68-74B6-4245-D435A6DCF0BF}.Debug|Any CPU.ActiveCfg = Debug|Any CPU
		{B94C5B7A-2A68-74B6-4245-D435A6DCF0BF}.Debug|Any CPU.Build.0 = Debug|Any CPU
		{B94C5B7A-2A68-74B6-4245-D435A6DCF0BF}.Release|Any CPU.ActiveCfg = Release|Any CPU
		{B94C5B7A-2A68-74B6-4245-D435A6DCF0BF}.Release|Any CPU.Build.0 = Release|Any CPU
	EndGlobalSection
	GlobalSection(SolutionProperties) = preSolution
		HideSolutionNode = FALSE
	EndGlobalSection
	GlobalSection(ExtensibilityGlobals) = postSolution
		SolutionGuid = {69F939AE-BF17-4F4B-9222-5E7F7DEE8848}
	EndGlobalSection
EndGlobal
